
Microsoft Visual Studio Solution File, Format Version 12.00
# Visual Studio Version 17
VisualStudioVersion = 17.3.32929.385
MinimumVisualStudioVersion = 10.0.40219.1
Project("{F184B08F-C81C-45F6-A57F-5ABD9991F28F}") = "Age Calculator", "Age Calculator.vbproj", "{69BAF72B-A029-44D2-8CDB-001BF1844DA6}"
EndProject
Global
	GlobalSection(SolutionConfigurationPlatforms) = preSolution
		Debug|Any CPU = Debug|Any CPU
		Release|Any CPU = Release|Any CPU
	EndGlobalSection
	GlobalSection(ProjectConfigurationPlatforms) = postSolution
		{69BAF72B-A029-44D2-8CDB-001BF1844DA6}.Debug|Any CPU.ActiveCfg = Debug|Any CPU
		{69BAF72B-A029-44D2-8CDB-001BF1844DA6}.Debug|Any CPU.Build.0 = Debug|Any CPU
		{69BAF72B-A029-44D2-8CDB-001BF1844DA6}.Release|Any CPU.ActiveCfg = Release|Any CPU
		{69BAF72B-A029-44D2-8CDB-001BF1844DA6}.Release|Any CPU.Build.0 = Release|Any CPU
	EndGlobalSection
	GlobalSection(SolutionProperties) = preSolution
		HideSolutionNode = FALSE
	EndGlobalSection
	GlobalSection(ExtensibilityGlobals) = postSolution
		SolutionGuid = {2097457A-2A22-40E8-AB50-F7755FC0F396}
	EndGlobalSection
EndGlobal
